
Microsoft Visual Studio Solution File, Format Version 12.00
# Visual Studio 15
VisualStudioVersion = 15.0.26730.3
MinimumVisualStudioVersion = 10.0.40219.1
Project("{FAE04EC0-301F-11D3-BF4B-00C04F79EFBC}") = "ForeignExchangue2.Android", "ForeignExchangue2\ForeignExchangue2.Android\ForeignExchangue2.Android.csproj", "{051D941B-409F-47AC-83FB-DD58133D8CF1}"
EndProject
Project("{FAE04EC0-301F-11D3-BF4B-00C04F79EFBC}") = "ForeignExchangue2", "ForeignExchangue2\ForeignExchangue2\ForeignExchangue2.csproj", "{1F5333DC-3540-4BD5-A6D5-577FB31A8F66}"
EndProject
Project("{FAE04EC0-301F-11D3-BF4B-00C04F79EFBC}") = "ForeignExchangue2.UWP", "ForeignExchangue2\ForeignExchangue2.UWP\ForeignExchangue2.UWP.csproj", "{DA77DF51-1F57-41E3-B935-D1F4969D7F55}"
EndProject
Project("{FAE04EC0-301F-11D3-BF4B-00C04F79EFBC}") = "ForeignExchangue2.iOS", "ForeignExchangue2\ForeignExchangue2.iOS\ForeignExchangue2.iOS.csproj", "{03E70FA0-35A5-422F-8C5B-FC0B4A976DBC}"
EndProject
Global
	GlobalSection(SolutionConfigurationPlatforms) = preSolution
		Ad-Hoc|Any CPU = Ad-Hoc|Any CPU
		Ad-Hoc|ARM = Ad-Hoc|ARM
		Ad-Hoc|iPhone = Ad-Hoc|iPhone
		Ad-Hoc|iPhoneSimulator = Ad-Hoc|iPhoneSimulator
		Ad-Hoc|x64 = Ad-Hoc|x64
		Ad-Hoc|x86 = Ad-Hoc|x86
		AppStore|Any CPU = AppStore|Any CPU
		AppStore|ARM = AppStore|ARM
		AppStore|iPhone = AppStore|iPhone
		AppStore|iPhoneSimulator = AppStore|iPhoneSimulator
		AppStore|x64 = AppStore|x64
		AppStore|x86 = AppStore|x86
		Debug|Any CPU = Debug|Any CPU
		Debug|ARM = Debug|ARM
		Debug|iPhone = Debug|iPhone
		Debug|iPhoneSimulator = Debug|iPhoneSimulator
		Debug|x64 = Debug|x64
		Debug|x86 = Debug|x86
		Release|Any CPU = Release|Any CPU
		Release|ARM = Release|ARM
		Release|iPhone = Release|iPhone
		Release|iPhoneSimulator = Release|iPhoneSimulator
		Release|x64 = Release|x64
		Release|x86 = Release|x86
	EndGlobalSection
	GlobalSection(ProjectConfigurationPlatforms) = postSolution
		{051D941B-409F-47AC-83FB-DD58133D8CF1}.Ad-Hoc|Any CPU.ActiveCfg = Release|Any CPU
		{051D941B-409F-47AC-83FB-DD58133D8CF1}.Ad-Hoc|Any CPU.Build.0 = Release|Any CPU
		{051D941B-409F-47AC-83FB-DD58133D8CF1}.Ad-Hoc|Any CPU.Deploy.0 = Release|Any CPU
		{051D941B-409F-47AC-83FB-DD58133D8CF1}.Ad-Hoc|ARM.ActiveCfg = Release|Any CPU
		{051D941B-409F-47AC-83FB-DD58133D8CF1}.Ad-Hoc|ARM.Build.0 = Release|Any CPU
		{051D941B-409F-47AC-83FB-DD58133D8CF1}.Ad-Hoc|ARM.Deploy.0 = Release|Any CPU
		{051D941B-409F-47AC-83FB-DD58133D8CF1}.Ad-Hoc|iPhone.ActiveCfg = Release|Any CPU
		{051D941B-409F-47AC-83FB-DD58133D8CF1}.Ad-Hoc|iPhone.Build.0 = Release|Any CPU
		{051D941B-409F-47AC-83FB-DD58133D8CF1}.Ad-Hoc|iPhone.Deploy.0 = Release|Any CPU
		{051D941B-409F-47AC-83FB-DD58133D8CF1}.Ad-Hoc|iPhoneSimulator.ActiveCfg = Release|Any CPU
		{051D941B-409F-47AC-83FB-DD58133D8CF1}.Ad-Hoc|iPhoneSimulator.Build.0 = Release|Any CPU
		{051D941B-409F-47AC-83FB-DD58133D8CF1}.Ad-Hoc|iPhoneSimulator.Deploy.0 = Release|Any CPU
		{051D941B-409F-47AC-83FB-DD58133D8CF1}.Ad-Hoc|x64.ActiveCfg = Release|Any CPU
		{051D941B-409F-47AC-83FB-DD58133D8CF1}.Ad-Hoc|x64.Build.0 = Release|Any CPU
		{051D941B-409F-47AC-83FB-DD58133D8CF1}.Ad-Hoc|x64.Deploy.0 = Release|Any CPU
		{051D941B-409F-47AC-83FB-DD58133D8CF1}.Ad-Hoc|x86.ActiveCfg = Release|Any CPU
		{051D941B-409F-47AC-83FB-DD58133D8CF1}.Ad-Hoc|x86.Build.0 = Release|Any CPU
		{051D941B-409F-47AC-83FB-DD58133D8CF1}.Ad-Hoc|x86.Deploy.0 = Release|Any CPU
		{051D941B-409F-47AC-83FB-DD58133D8CF1}.AppStore|Any CPU.ActiveCfg = Release|Any CPU
		{051D941B-409F-47AC-83FB-DD58133D8CF1}.AppStore|Any CPU.Build.0 = Release|Any CPU
		{051D941B-409F-47AC-83FB-DD58133D8CF1}.AppStore|Any CPU.Deploy.0 = Release|Any CPU
		{051D941B-409F-47AC-83FB-DD58133D8CF1}.AppStore|ARM.ActiveCfg = Release|Any CPU
		{051D941B-409F-47AC-83FB-DD58133D8CF1}.AppStore|ARM.Build.0 = Release|Any CPU
		{051D941B-409F-47AC-83FB-DD58133D8CF1}.AppStore|ARM.Deploy.0 = Release|Any CPU
		{051D941B-409F-47AC-83FB-DD58133D8CF1}.AppStore|iPhone.ActiveCfg = Release|Any CPU
		{051D941B-409F-47AC-83FB-DD58133D8CF1}.AppStore|iPhone.Build.0 = Release|Any CPU
		{051D941B-409F-47AC-83FB-DD58133D8CF1}.AppStore|iPhone.Deploy.0 = Release|Any CPU
		{051D941B-409F-47AC-83FB-DD58133D8CF1}.AppStore|iPhoneSimulator.ActiveCfg = Release|Any CPU
		{051D941B-409F-47AC-83FB-DD58133D8CF1}.AppStore|iPhoneSimulator.Build.0 = Release|Any CPU
		{051D941B-409F-47AC-83FB-DD58133D8CF1}.AppStore|iPhoneSimulator.Deploy.0 = Release|Any CPU
		{051D941B-409F-47AC-83FB-DD58133D8CF1}.AppStore|x64.ActiveCfg = Release|Any CPU
		{051D941B-409F-47AC-83FB-DD58133D8CF1}.AppStore|x64.Build.0 = Release|Any CPU
		{051D941B-409F-47AC-83FB-DD58133D8CF1}.AppStore|x64.Deploy.0 = Release|Any CPU
		{051D941B-409F-47AC-83FB-DD58133D8CF1}.AppStore|x86.ActiveCfg = Release|Any CPU
		{051D941B-409F-47AC-83FB-DD58133D8CF1}.AppStore|x86.Build.0 = Release|Any CPU
		{051D941B-409F-47AC-83FB-DD58133D8CF1}.AppStore|x86.Deploy.0 = Release|Any CPU
		{051D941B-409F-47AC-83FB-DD58133D8CF1}.Debug|Any CPU.ActiveCfg = Debug|Any CPU
		{051D941B-409F-47AC-83FB-DD58133D8CF1}.Debug|Any CPU.Build.0 = Debug|Any CPU
		{051D941B-409F-47AC-83FB-DD58133D8CF1}.Debug|Any CPU.Deploy.0 = Debug|Any CPU
		{051D941B-409F-47AC-83FB-DD58133D8CF1}.Debug|ARM.ActiveCfg = Debug|Any CPU
		{051D941B-409F-47AC-83FB-DD58133D8CF1}.Debug|ARM.Build.0 = Debug|Any CPU
		{051D941B-409F-47AC-83FB-DD58133D8CF1}.Debug|ARM.Deploy.0 = Debug|Any CPU
		{051D941B-409F-47AC-83FB-DD58133D8CF1}.Debug|iPhone.ActiveCfg = Debug|Any CPU
		{051D941B-409F-47AC-83FB-DD58133D8CF1}.Debug|iPhone.Build.0 = Debug|Any CPU
		{051D941B-409F-47AC-83FB-DD58133D8CF1}.Debug|iPhone.Deploy.0 = Debug|Any CPU
		{051D941B-409F-47AC-83FB-DD58133D8CF1}.Debug|iPhoneSimulator.ActiveCfg = Debug|Any CPU
		{051D941B-409F-47AC-83FB-DD58133D8CF1}.Debug|iPhoneSimulator.Build.0 = Debug|Any CPU
		{051D941B-409F-47AC-83FB-DD58133D8CF1}.Debug|iPhoneSimulator.Deploy.0 = Debug|Any CPU
		{051D941B-409F-47AC-83FB-DD58133D8CF1}.Debug|x64.ActiveCfg = Debug|Any CPU
		{051D941B-409F-47AC-83FB-DD58133D8CF1}.Debug|x64.Build.0 = Debug|Any CPU
		{051D941B-409F-47AC-83FB-DD58133D8CF1}.Debug|x64.Deploy.0 = Debug|Any CPU
		{051D941B-409F-47AC-83FB-DD58133D8CF1}.Debug|x86.ActiveCfg = Debug|Any CPU
		{051D941B-409F-47AC-83FB-DD58133D8CF1}.Debug|x86.Build.0 = Debug|Any CPU
		{051D941B-409F-47AC-83FB-DD58133D8CF1}.Debug|x86.Deploy.0 = Debug|Any CPU
		{051D941B-409F-47AC-83FB-DD58133D8CF1}.Release|Any CPU.ActiveCfg = Release|Any CPU
		{051D941B-409F-47AC-83FB-DD58133D8CF1}.Release|Any CPU.Build.0 = Release|Any CPU
		{051D941B-409F-47AC-83FB-DD58133D8CF1}.Release|Any CPU.Deploy.0 = Release|Any CPU
		{051D941B-409F-47AC-83FB-DD58133D8CF1}.Release|ARM.ActiveCfg = Release|Any CPU
		{051D941B-409F-47AC-83FB-DD58133D8CF1}.Release|ARM.Build.0 = Release|Any CPU
		{051D941B-409F-47AC-83FB-DD58133D8CF1}.Release|ARM.Deploy.0 = Release|Any CPU
		{051D941B-409F-47AC-83FB-DD58133D8CF1}.Release|iPhone.ActiveCfg = Release|Any CPU
		{051D941B-409F-47AC-83FB-DD58133D8CF1}.Release|iPhone.Build.0 = Release|Any CPU
		{051D941B-409F-47AC-83FB-DD58133D8CF1}.Release|iPhone.Deploy.0 = Release|Any CPU
		{051D941B-409F-47AC-83FB-DD58133D8CF1}.Release|iPhoneSimulator.ActiveCfg = Release|Any CPU
		{051D941B-409F-47AC-83FB-DD58133D8CF1}.Release|iPhoneSimulator.Build.0 = Release|Any CPU
		{051D941B-409F-47AC-83FB-DD58133D8CF1}.Release|iPhoneSimulator.Deploy.0 = Release|Any CPU
		{051D941B-409F-47AC-83FB-DD58133D8CF1}.Release|x64.ActiveCfg = Release|Any CPU
		{051D941B-409F-47AC-83FB-DD58133D8CF1}.Release|x64.Build.0 = Release|Any CPU
		{051D941B-409F-47AC-83FB-DD58133D8CF1}.Release|x64.Deploy.0 = Release|Any CPU
		{051D941B-409F-47AC-83FB-DD58133D8CF1}.Release|x86.ActiveCfg = Release|Any CPU
		{051D941B-409F-47AC-83FB-DD58133D8CF1}.Release|x86.Build.0 = Release|Any CPU
		{051D941B-409F-47AC-83FB-DD58133D8CF1}.Release|x86.Deploy.0 = Release|Any CPU
		{1F5333DC-3540-4BD5-A6D5-577FB31A8F66}.Ad-Hoc|Any CPU.ActiveCfg = Release|Any CPU
		{1F5333DC-3540-4BD5-A6D5-577FB31A8F66}.Ad-Hoc|Any CPU.Build.0 = Release|Any CPU
		{1F5333DC-3540-4BD5-A6D5-577FB31A8F66}.Ad-Hoc|ARM.ActiveCfg = Release|Any CPU
		{1F5333DC-3540-4BD5-A6D5-577FB31A8F66}.Ad-Hoc|ARM.Build.0 = Release|Any CPU
		{1F5333DC-3540-4BD5-A6D5-577FB31A8F66}.Ad-Hoc|iPhone.ActiveCfg = Release|Any CPU
		{1F5333DC-3540-4BD5-A6D5-577FB31A8F66}.Ad-Hoc|iPhone.Build.0 = Release|Any CPU
		{1F5333DC-3540-4BD5-A6D5-577FB31A8F66}.Ad-Hoc|iPhoneSimulator.ActiveCfg = Release|Any CPU
		{1F5333DC-3540-4BD5-A6D5-577FB31A8F66}.Ad-Hoc|iPhoneSimulator.Build.0 = Release|Any CPU
		{1F5333DC-3540-4BD5-A6D5-577FB31A8F66}.Ad-Hoc|x64.ActiveCfg = Release|Any CPU
		{1F5333DC-3540-4BD5-A6D5-577FB31A8F66}.Ad-Hoc|x64.Build.0 = Release|Any CPU
		{1F5333DC-3540-4BD5-A6D5-577FB31A8F66}.Ad-Hoc|x86.ActiveCfg = Release|Any CPU
		{1F5333DC-3540-4BD5-A6D5-577FB31A8F66}.Ad-Hoc|x86.Build.0 = Release|Any CPU
		{1F5333DC-3540-4BD5-A6D5-577FB31A8F66}.AppStore|Any CPU.ActiveCfg = Release|Any CPU
		{1F5333DC-3540-4BD5-A6D5-577FB31A8F66}.AppStore|Any CPU.Build.0 = Release|Any CPU
		{1F5333DC-3540-4BD5-A6D5-577FB31A8F66}.AppStore|ARM.ActiveCfg = Release|Any CPU
		{1F5333DC-3540-4BD5-A6D5-577FB31A8F66}.AppStore|ARM.Build.0 = Release|Any CPU
		{1F5333DC-3540-4BD5-A6D5-577FB31A8F66}.AppStore|iPhone.ActiveCfg = Release|Any CPU
		{1F5333DC-3540-4BD5-A6D5-577FB31A8F66}.AppStore|iPhone.Build.0 = Release|Any CPU
		{1F5333DC-3540-4BD5-A6D5-577FB31A8F66}.AppStore|iPhoneSimulator.ActiveCfg = Release|Any CPU
		{1F5333DC-3540-4BD5-A6D5-577FB31A8F66}.AppStore|iPhoneSimulator.Build.0 = Release|Any CPU
		{1F5333DC-3540-4BD5-A6D5-577FB31A8F66}.AppStore|x64.ActiveCfg = Release|Any CPU
		{1F5333DC-3540-4BD5-A6D5-577FB31A8F66}.AppStore|x64.Build.0 = Release|Any CPU
		{1F5333DC-3540-4BD5-A6D5-577FB31A8F66}.AppStore|x86.ActiveCfg = Release|Any CPU
		{1F5333DC-3540-4BD5-A6D5-577FB31A8F66}.AppStore|x86.Build.0 = Release|Any CPU
		{1F5333DC-3540-4BD5-A6D5-577FB31A8F66}.Debug|Any CPU.ActiveCfg = Debug|Any CPU
		{1F5333DC-3540-4BD5-A6D5-577FB31A8F66}.Debug|Any CPU.Build.0 = Debug|Any CPU
		{1F5333DC-3540-4BD5-A6D5-577FB31A8F66}.Debug|ARM.ActiveCfg = Debug|Any CPU
		{1F5333DC-3540-4BD5-A6D5-577FB31A8F66}.Debug|ARM.Build.0 = Debug|Any CPU
		{1F5333DC-3540-4BD5-A6D5-577FB31A8F66}.Debug|iPhone.ActiveCfg = Debug|Any CPU
		{1F5333DC-3540-4BD5-A6D5-577FB31A8F66}.Debug|iPhone.Build.0 = Debug|Any CPU
		{1F5333DC-3540-4BD5-A6D5-577FB31A8F66}.Debug|iPhoneSimulator.ActiveCfg = Debug|Any CPU
		{1F5333DC-3540-4BD5-A6D5-577FB31A8F66}.Debug|iPhoneSimulator.Build.0 = Debug|Any CPU
		{1F5333DC-3540-4BD5-A6D5-577FB31A8F66}.Debug|x64.ActiveCfg = Debug|Any CPU
		{1F5333DC-3540-4BD5-A6D5-577FB31A8F66}.Debug|x64.Build.0 = Debug|Any CPU
		{1F5333DC-3540-4BD5-A6D5-577FB31A8F66}.Debug|x86.ActiveCfg = Debug|Any CPU
		{1F5333DC-3540-4BD5-A6D5-577FB31A8F66}.Debug|x86.Build.0 = Debug|Any CPU
		{1F5333DC-3540-4BD5-A6D5-577FB31A8F66}.Release|Any CPU.ActiveCfg = Release|Any CPU
		{1F5333DC-3540-4BD5-A6D5-577FB31A8F66}.Release|Any CPU.Build.0 = Release|Any CPU
		{1F5333DC-3540-4BD5-A6D5-577FB31A8F66}.Release|ARM.ActiveCfg = Release|Any CPU
		{1F5333DC-3540-4BD5-A6D5-577FB31A8F66}.Release|ARM.Build.0 = Release|Any CPU
		{1F5333DC-3540-4BD5-A6D5-577FB31A8F66}.Release|iPhone.ActiveCfg = Release|Any CPU
		{1F5333DC-3540-4BD5-A6D5-577FB31A8F66}.Release|iPhone.Build.0 = Release|Any CPU
		{1F5333DC-3540-4BD5-A6D5-577FB31A8F66}.Release|iPhoneSimulator.ActiveCfg = Release|Any CPU
		{1F5333DC-3540-4BD5-A6D5-577FB31A8F66}.Release|iPhoneSimulator.Build.0 = Release|Any CPU
		{1F5333DC-3540-4BD5-A6D5-577FB31A8F66}.Release|x64.ActiveCfg = Release|Any CPU
		{1F5333DC-3540-4BD5-A6D5-577FB31A8F66}.Release|x64.Build.0 = Release|Any CPU
		{1F5333DC-3540-4BD5-A6D5-577FB31A8F66}.Release|x86.ActiveCfg = Release|Any CPU
		{1F5333DC-3540-4BD5-A6D5-577FB31A8F66}.Release|x86.Build.0 = Release|Any CPU
		{DA77DF51-1F57-41E3-B935-D1F4969D7F55}.Ad-Hoc|Any CPU.ActiveCfg = Release|x86
		{DA77DF51-1F57-41E3-B935-D1F4969D7F55}.Ad-Hoc|Any CPU.Build.0 = Release|x86
		{DA77DF51-1F57-41E3-B935-D1F4969D7F55}.Ad-Hoc|Any CPU.Deploy.0 = Release|x86
		{DA77DF51-1F57-41E3-B935-D1F4969D7F55}.Ad-Hoc|ARM.ActiveCfg = Release|ARM
		{DA77DF51-1F57-41E3-B935-D1F4969D7F55}.Ad-Hoc|ARM.Build.0 = Release|ARM
		{DA77DF51-1F57-41E3-B935-D1F4969D7F55}.Ad-Hoc|ARM.Deploy.0 = Release|ARM
		{DA77DF51-1F57-41E3-B935-D1F4969D7F55}.Ad-Hoc|iPhone.ActiveCfg = Release|x86
		{DA77DF51-1F57-41E3-B935-D1F4969D7F55}.Ad-Hoc|iPhone.Build.0 = Release|x86
		{DA77DF51-1F57-41E3-B935-D1F4969D7F55}.Ad-Hoc|iPhone.Deploy.0 = Release|x86
		{DA77DF51-1F57-41E3-B935-D1F4969D7F55}.Ad-Hoc|iPhoneSimulator.ActiveCfg = Release|x86
		{DA77DF51-1F57-41E3-B935-D1F4969D7F55}.Ad-Hoc|iPhoneSimulator.Build.0 = Release|x86
		{DA77DF51-1F57-41E3-B935-D1F4969D7F55}.Ad-Hoc|iPhoneSimulator.Deploy.0 = Release|x86
		{DA77DF51-1F57-41E3-B935-D1F4969D7F55}.Ad-Hoc|x64.ActiveCfg = Release|x64
		{DA77DF51-1F57-41E3-B935-D1F4969D7F55}.Ad-Hoc|x64.Build.0 = Release|x64
		{DA77DF51-1F57-41E3-B935-D1F4969D7F55}.Ad-Hoc|x64.Deploy.0 = Release|x64
		{DA77DF51-1F57-41E3-B935-D1F4969D7F55}.Ad-Hoc|x86.ActiveCfg = Release|x86
		{DA77DF51-1F57-41E3-B935-D1F4969D7F55}.Ad-Hoc|x86.Build.0 = Release|x86
		{DA77DF51-1F57-41E3-B935-D1F4969D7F55}.Ad-Hoc|x86.Deploy.0 = Release|x86
		{DA77DF51-1F57-41E3-B935-D1F4969D7F55}.AppStore|Any CPU.ActiveCfg = Release|x86
		{DA77DF51-1F57-41E3-B935-D1F4969D7F55}.AppStore|Any CPU.Build.0 = Release|x86
		{DA77DF51-1F57-41E3-B935-D1F4969D7F55}.AppStore|Any CPU.Deploy.0 = Release|x86
		{DA77DF51-1F57-41E3-B935-D1F4969D7F55}.AppStore|ARM.ActiveCfg = Release|ARM
		{DA77DF51-1F57-41E3-B935-D1F4969D7F55}.AppStore|ARM.Build.0 = Release|ARM
		{DA77DF51-1F57-41E3-B935-D1F4969D7F55}.AppStore|ARM.Deploy.0 = Release|ARM
		{DA77DF51-1F57-41E3-B935-D1F4969D7F55}.AppStore|iPhone.ActiveCfg = Release|x86
		{DA77DF51-1F57-41E3-B935-D1F4969D7F55}.AppStore|iPhone.Build.0 = Release|x86
		{DA77DF51-1F57-41E3-B935-D1F4969D7F55}.AppStore|iPhone.Deploy.0 = Release|x86
		{DA77DF51-1F57-41E3-B935-D1F4969D7F55}.AppStore|iPhoneSimulator.ActiveCfg = Release|x86
		{DA77DF51-1F57-41E3-B935-D1F4969D7F55}.AppStore|iPhoneSimulator.Build.0 = Release|x86
		{DA77DF51-1F57-41E3-B935-D1F4969D7F55}.AppStore|iPhoneSimulator.Deploy.0 = Release|x86
		{DA77DF51-1F57-41E3-B935-D1F4969D7F55}.AppStore|x64.ActiveCfg = Release|x64
		{DA77DF51-1F57-41E3-B935-D1F4969D7F55}.AppStore|x64.Build.0 = Release|x64
		{DA77DF51-1F57-41E3-B935-D1F4969D7F55}.AppStore|x64.Deploy.0 = Release|x64
		{DA77DF51-1F57-41E3-B935-D1F4969D7F55}.AppStore|x86.ActiveCfg = Release|x86
		{DA77DF51-1F57-41E3-B935-D1F4969D7F55}.AppStore|x86.Build.0 = Release|x86
		{DA77DF51-1F57-41E3-B935-D1F4969D7F55}.AppStore|x86.Deploy.0 = Release|x86
		{DA77DF51-1F57-41E3-B935-D1F4969D7F55}.Debug|Any CPU.ActiveCfg = Debug|x86
		{DA77DF51-1F57-41E3-B935-D1F4969D7F55}.Debug|ARM.ActiveCfg = Debug|ARM
		{DA77DF51-1F57-41E3-B935-D1F4969D7F55}.Debug|ARM.Build.0 = Debug|ARM
		{DA77DF51-1F57-41E3-B935-D1F4969D7F55}.Debug|ARM.Deploy.0 = Debug|ARM
		{DA77DF51-1F57-41E3-B935-D1F4969D7F55}.Debug|iPhone.ActiveCfg = Debug|x86
		{DA77DF51-1F57-41E3-B935-D1F4969D7F55}.Debug|iPhoneSimulator.ActiveCfg = Debug|x86
		{DA77DF51-1F57-41E3-B935-D1F4969D7F55}.Debug|x64.ActiveCfg = Debug|x64
		{DA77DF51-1F57-41E3-B935-D1F4969D7F55}.Debug|x64.Build.0 = Debug|x64
		{DA77DF51-1F57-41E3-B935-D1F4969D7F55}.Debug|x64.Deploy.0 = Debug|x64
		{DA77DF51-1F57-41E3-B935-D1F4969D7F55}.Debug|x86.ActiveCfg = Debug|x86
		{DA77DF51-1F57-41E3-B935-D1F4969D7F55}.Debug|x86.Build.0 = Debug|x86
		{DA77DF51-1F57-41E3-B935-D1F4969D7F55}.Debug|x86.Deploy.0 = Debug|x86
		{DA77DF51-1F57-41E3-B935-D1F4969D7F55}.Release|Any CPU.ActiveCfg = Release|x86
		{DA77DF51-1F57-41E3-B935-D1F4969D7F55}.Release|ARM.ActiveCfg = Release|ARM
		{DA77DF51-1F57-41E3-B935-D1F4969D7F55}.Release|ARM.Build.0 = Release|ARM
		{DA77DF51-1F57-41E3-B935-D1F4969D7F55}.Release|ARM.Deploy.0 = Release|ARM
		{DA77DF51-1F57-41E3-B935-D1F4969D7F55}.Release|iPhone.ActiveCfg = Release|x86
		{DA77DF51-1F57-41E3-B935-D1F4969D7F55}.Release|iPhoneSimulator.ActiveCfg = Release|x86
		{DA77DF51-1F57-41E3-B935-D1F4969D7F55}.Release|x64.ActiveCfg = Release|x64
		{DA77DF51-1F57-41E3-B935-D1F4969D7F55}.Release|x64.Build.0 = Release|x64
		{DA77DF51-1F57-41E3-B935-D1F4969D7F55}.Release|x64.Deploy.0 = Release|x64
		{DA77DF51-1F57-41E3-B935-D1F4969D7F55}.Release|x86.ActiveCfg = Release|x86
		{DA77DF51-1F57-41E3-B935-D1F4969D7F55}.Release|x86.Build.0 = Release|x86
		{DA77DF51-1F57-41E3-B935-D1F4969D7F55}.Release|x86.Deploy.0 = Release|x86
		{03E70FA0-35A5-422F-8C5B-FC0B4A976DBC}.Ad-Hoc|Any CPU.ActiveCfg = Ad-Hoc|iPhone
		{03E70FA0-35A5-422F-8C5B-FC0B4A976DBC}.Ad-Hoc|ARM.ActiveCfg = Ad-Hoc|iPhone
		{03E70FA0-35A5-422F-8C5B-FC0B4A976DBC}.Ad-Hoc|iPhone.ActiveCfg = Ad-Hoc|iPhone
		{03E70FA0-35A5-422F-8C5B-FC0B4A976DBC}.Ad-Hoc|iPhone.Build.0 = Ad-Hoc|iPhone
		{03E70FA0-35A5-422F-8C5B-FC0B4A976DBC}.Ad-Hoc|iPhoneSimulator.ActiveCfg = Ad-Hoc|iPhoneSimulator
		{03E70FA0-35A5-422F-8C5B-FC0B4A976DBC}.Ad-Hoc|iPhoneSimulator.Build.0 = Ad-Hoc|iPhoneSimulator
		{03E70FA0-35A5-422F-8C5B-FC0B4A976DBC}.Ad-Hoc|x64.ActiveCfg = Ad-Hoc|iPhone
		{03E70FA0-35A5-422F-8C5B-FC0B4A976DBC}.Ad-Hoc|x86.ActiveCfg = Ad-Hoc|iPhone
		{03E70FA0-35A5-422F-8C5B-FC0B4A976DBC}.AppStore|Any CPU.ActiveCfg = AppStore|iPhone
		{03E70FA0-35A5-422F-8C5B-FC0B4A976DBC}.AppStore|ARM.ActiveCfg = AppStore|iPhone
		{03E70FA0-35A5-422F-8C5B-FC0B4A976DBC}.AppStore|iPhone.ActiveCfg = AppStore|iPhone
		{03E70FA0-35A5-422F-8C5B-FC0B4A976DBC}.AppStore|iPhone.Build.0 = AppStore|iPhone
		{03E70FA0-35A5-422F-8C5B-FC0B4A976DBC}.AppStore|iPhoneSimulator.ActiveCfg = AppStore|iPhoneSimulator
		{03E70FA0-35A5-422F-8C5B-FC0B4A976DBC}.AppStore|iPhoneSimulator.Build.0 = AppStore|iPhoneSimulator
		{03E70FA0-35A5-422F-8C5B-FC0B4A976DBC}.AppStore|x64.ActiveCfg = AppStore|iPhone
		{03E70FA0-35A5-422F-8C5B-FC0B4A976DBC}.AppStore|x86.ActiveCfg = AppStore|iPhone
		{03E70FA0-35A5-422F-8C5B-FC0B4A976DBC}.Debug|Any CPU.ActiveCfg = Debug|iPhone
		{03E70FA0-35A5-422F-8C5B-FC0B4A976DBC}.Debug|ARM.ActiveCfg = Debug|iPhone
		{03E70FA0-35A5-422F-8C5B-FC0B4A976DBC}.Debug|iPhone.ActiveCfg = Debug|iPhone
		{03E70FA0-35A5-422F-8C5B-FC0B4A976DBC}.Debug|iPhone.Build.0 = Debug|iPhone
		{03E70FA0-35A5-422F-8C5B-FC0B4A976DBC}.Debug|iPhoneSimulator.ActiveCfg = Debug|iPhoneSimulator
		{03E70FA0-35A5-422F-8C5B-FC0B4A976DBC}.Debug|iPhoneSimulator.Build.0 = Debug|iPhoneSimulator
		{03E70FA0-35A5-422F-8C5B-FC0B4A976DBC}.Debug|x64.ActiveCfg = Debug|iPhone
		{03E70FA0-35A5-422F-8C5B-FC0B4A976DBC}.Debug|x86.ActiveCfg = Debug|iPhone
		{03E70FA0-35A5-422F-8C5B-FC0B4A976DBC}.Release|Any CPU.ActiveCfg = Release|iPhone
		{03E70FA0-35A5-422F-8C5B-FC0B4A976DBC}.Release|ARM.ActiveCfg = Release|iPhone
		{03E70FA0-35A5-422F-8C5B-FC0B4A976DBC}.Release|iPhone.ActiveCfg = Release|iPhone
		{03E70FA0-35A5-422F-8C5B-FC0B4A976DBC}.Release|iPhone.Build.0 = Release|iPhone
		{03E70FA0-35A5-422F-8C5B-FC0B4A976DBC}.Release|iPhoneSimulator.ActiveCfg = Release|iPhoneSimulator
		{03E70FA0-35A5-422F-8C5B-FC0B4A976DBC}.Release|iPhoneSimulator.Build.0 = Release|iPhoneSimulator
		{03E70FA0-35A5-422F-8C5B-FC0B4A976DBC}.Release|x64.ActiveCfg = Release|iPhone
		{03E70FA0-35A5-422F-8C5B-FC0B4A976DBC}.Release|x86.ActiveCfg = Release|iPhone
	EndGlobalSection
	GlobalSection(SolutionProperties) = preSolution
		HideSolutionNode = FALSE
	EndGlobalSection
	GlobalSection(ExtensibilityGlobals) = postSolution
		SolutionGuid = {7BB7CD77-4A01-4370-99C8-40CA4724A4E4}
	EndGlobalSection
EndGlobal
